
Microsoft Visual Studio Solution File, Format Version 12.00
# Visual Studio 2012
Project("{FAE04EC0-301F-11D3-BF4B-00C04F79EFBC}") = "KatDatabaseInfo", "KatDatabaseInfo\KatDatabaseInfo.csproj", "{ECFAF576-143F-452E-88AD-B8C0A3E38339}"
EndProject
Global
	GlobalSection(SolutionConfigurationPlatforms) = preSolution
		Debug|Any CPU = Debug|Any CPU
		Release|Any CPU = Release|Any CPU
	EndGlobalSection
	GlobalSection(ProjectConfigurationPlatforms) = postSolution
		{ECFAF576-143F-452E-88AD-B8C0A3E38339}.Debug|Any CPU.ActiveCfg = Debug|Any CPU
		{ECFAF576-143F-452E-88AD-B8C0A3E38339}.Debug|Any CPU.Build.0 = Debug|Any CPU
		{ECFAF576-143F-452E-88AD-B8C0A3E38339}.Release|Any CPU.ActiveCfg = Release|Any CPU
		{ECFAF576-143F-452E-88AD-B8C0A3E38339}.Release|Any CPU.Build.0 = Release|Any CPU
	EndGlobalSection
	GlobalSection(SolutionProperties) = preSolution
		HideSolutionNode = FALSE
	EndGlobalSection
EndGlobal
